Microsoft Visual Studio Solution File, Format Version 12.00
# Visual Studio Version 17
VisualStudioVersion = 17.5.2.0
MinimumVisualStudioVersion = 10.0.40219.1
Project("{FAE04EC0-301F-11D3-BF4B-00C04F79EFBC}") = "AlgorithmSolutions", "AlgorithmSolutions.csproj", "{A41DEE89-FBB7-FF94-F74F-EC72B33626F0}"
EndProject
Global
	GlobalSection(SolutionConfigurationPlatforms) = preSolution
		Debug|Any CPU = Debug|Any CPU
		Release|Any CPU = Release|Any CPU
	EndGlobalSection
	GlobalSection(ProjectConfigurationPlatforms) = postSolution
		{A41DEE89-FBB7-FF94-F74F-EC72B33626F0}.Debug|Any CPU.ActiveCfg = Debug|Any CPU
		{A41DEE89-FBB7-FF94-F74F-EC72B33626F0}.Debug|Any CPU.Build.0 = Debug|Any CPU
		{A41DEE89-FBB7-FF94-F74F-EC72B33626F0}.Release|Any CPU.ActiveCfg = Release|Any CPU
		{A41DEE89-FBB7-FF94-F74F-EC72B33626F0}.Release|Any CPU.Build.0 = Release|Any CPU
	EndGlobalSection
	GlobalSection(SolutionProperties) = preSolution
		HideSolutionNode = FALSE
	EndGlobalSection
	GlobalSection(ExtensibilityGlobals) = postSolution
		SolutionGuid = {52BF566F-5E5F-4337-B176-D4720066519D}
	EndGlobalSection
EndGlobal
