Microsoft Visual Studio Solution File, Format Version 12.00
# Visual Studio Version 17
VisualStudioVersion = 17.5.2.0
MinimumVisualStudioVersion = 10.0.40219.1
Project("{FAE04EC0-301F-11D3-BF4B-00C04F79EFBC}") = "ProjeOdevi", "ProjeOdevi.csproj", "{B9DA29A9-3F24-110C-18C2-4887878786F6}"
EndProject
Global
	GlobalSection(SolutionConfigurationPlatforms) = preSolution
		Debug|Any CPU = Debug|Any CPU
		Release|Any CPU = Release|Any CPU
	EndGlobalSection
	GlobalSection(ProjectConfigurationPlatforms) = postSolution
		{B9DA29A9-3F24-110C-18C2-4887878786F6}.Debug|Any CPU.ActiveCfg = Debug|Any CPU
		{B9DA29A9-3F24-110C-18C2-4887878786F6}.Debug|Any CPU.Build.0 = Debug|Any CPU
		{B9DA29A9-3F24-110C-18C2-4887878786F6}.Release|Any CPU.ActiveCfg = Release|Any CPU
		{B9DA29A9-3F24-110C-18C2-4887878786F6}.Release|Any CPU.Build.0 = Release|Any CPU
	EndGlobalSection
	GlobalSection(SolutionProperties) = preSolution
		HideSolutionNode = FALSE
	EndGlobalSection
	GlobalSection(ExtensibilityGlobals) = postSolution
		SolutionGuid = {8012B683-BB13-4D65-BC57-E8965363EE65}
	EndGlobalSection
EndGlobal
