Microsoft Visual Studio Solution File, Format Version 12.00
# Visual Studio Version 17
VisualStudioVersion = 17.5.2.0
MinimumVisualStudioVersion = 10.0.40219.1
Project("{FAE04EC0-301F-11D3-BF4B-00C04F79EFBC}") = "cs_odev", "cs_odev.csproj", "{5761F699-A8FD-6D72-6D44-1B54055C4CEF}"
EndProject
Global
	GlobalSection(SolutionConfigurationPlatforms) = preSolution
		Debug|Any CPU = Debug|Any CPU
		Release|Any CPU = Release|Any CPU
	EndGlobalSection
	GlobalSection(ProjectConfigurationPlatforms) = postSolution
		{5761F699-A8FD-6D72-6D44-1B54055C4CEF}.Debug|Any CPU.ActiveCfg = Debug|Any CPU
		{5761F699-A8FD-6D72-6D44-1B54055C4CEF}.Debug|Any CPU.Build.0 = Debug|Any CPU
		{5761F699-A8FD-6D72-6D44-1B54055C4CEF}.Release|Any CPU.ActiveCfg = Release|Any CPU
		{5761F699-A8FD-6D72-6D44-1B54055C4CEF}.Release|Any CPU.Build.0 = Release|Any CPU
	EndGlobalSection
	GlobalSection(SolutionProperties) = preSolution
		HideSolutionNode = FALSE
	EndGlobalSection
	GlobalSection(ExtensibilityGlobals) = postSolution
		SolutionGuid = {2F8FAB33-AE72-463B-ABF4-FD683E679DDB}
	EndGlobalSection
EndGlobal
